// !$*UTF8*$!
{
	archiveVersion = 1;
	classes = {
	};
	objectVersion = 46;
	objects = {

/* Begin PBXBuildFile section */
		E70399731E3CA1B60089AF2C /* GoogleService-Info.plist in Resources */ = {isa = PBXBuildFile; fileRef = E70399721E3CA1B60089AF2C /* GoogleService-Info.plist */; };
		E70399761E3CB4310089AF2C /* NSPredicate.swift in Sources */ = {isa = PBXBuildFile; fileRef = E70399751E3CB4310089AF2C /* NSPredicate.swift */; };
		E7064BDC1E3DF13100B6276F /* AlertViewModel.swift in Sources */ = {isa = PBXBuildFile; fileRef = E7064BDB1E3DF13100B6276F /* AlertViewModel.swift */; };
		E7064BDE1E3DF1B800B6276F /* AlertViewModelMapper.swift in Sources */ = {isa = PBXBuildFile; fileRef = E7064BDD1E3DF1B800B6276F /* AlertViewModelMapper.swift */; };
		E7064BE01E3DF23600B6276F /* AlertTableViewCell.swift in Sources */ = {isa = PBXBuildFile; fileRef = E7064BDF1E3DF23600B6276F /* AlertTableViewCell.swift */; };
		E7064BE21E3DF72500B6276F /* UIView + loading.swift in Sources */ = {isa = PBXBuildFile; fileRef = E7064BE11E3DF72500B6276F /* UIView + loading.swift */; };
		E7064BE41E3DF84800B6276F /* CollectionView + RegistrableCell.swift in Sources */ = {isa = PBXBuildFile; fileRef = E7064BE31E3DF84800B6276F /* CollectionView + RegistrableCell.swift */; };
		E7A654C51E37CD1C00E0AB4A /* DataEventType.swift in Sources */ = {isa = PBXBuildFile; fileRef = E7A654C41E37CD1C00E0AB4A /* DataEventType.swift */; };
		E7A654C71E37DA5500E0AB4A /* AlertRepository.swift in Sources */ = {isa = PBXBuildFile; fileRef = E7A654C61E37DA5500E0AB4A /* AlertRepository.swift */; };
		E7A654C91E37DAB700E0AB4A /* AlertRepositoryImplementation.swift in Sources */ = {isa = PBXBuildFile; fileRef = E7A654C81E37DAB700E0AB4A /* AlertRepositoryImplementation.swift */; };
		E7A654CB1E37FD2800E0AB4A /* ObservableRepository.swift in Sources */ = {isa = PBXBuildFile; fileRef = E7A654CA1E37FD2800E0AB4A /* ObservableRepository.swift */; };
		E7C7DC4E1E42678900B7F170 /* ServerValue.swift in Sources */ = {isa = PBXBuildFile; fileRef = E7C7DC4D1E42678900B7F170 /* ServerValue.swift */; };
		E7C9D4511E392A200025823C /* DataEventType + Firebase.swift in Sources */ = {isa = PBXBuildFile; fileRef = E7C9D4501E392A200025823C /* DataEventType + Firebase.swift */; };
		E7C9D4561E392BA70025823C /* AlertMapper.swift in Sources */ = {isa = PBXBuildFile; fileRef = E7C9D4551E392BA70025823C /* AlertMapper.swift */; };
		E7C9D4591E392E040025823C /* Snapshot.swift in Sources */ = {isa = PBXBuildFile; fileRef = E7C9D4581E392E040025823C /* Snapshot.swift */; };
		E7C9D45B1E392E4A0025823C /* Snapshot + Firebase.swift in Sources */ = {isa = PBXBuildFile; fileRef = E7C9D45A1E392E4A0025823C /* Snapshot + Firebase.swift */; };
		E7C9D45E1E392F300025823C /* MutableSnapshot.swift in Sources */ = {isa = PBXBuildFile; fileRef = E7C9D45D1E392F300025823C /* MutableSnapshot.swift */; };
		E7C9D4601E3931AD0025823C /* AlertWorker.swift in Sources */ = {isa = PBXBuildFile; fileRef = E7C9D45F1E3931AD0025823C /* AlertWorker.swift */; };
		E7C9D4621E39325F0025823C /* AlertWorkerImplementation.swift in Sources */ = {isa = PBXBuildFile; fileRef = E7C9D4611E39325F0025823C /* AlertWorkerImplementation.swift */; };
		E7C9D4641E3934F90025823C /* WorkerFactory.swift in Sources */ = {isa = PBXBuildFile; fileRef = E7C9D4631E3934F90025823C /* WorkerFactory.swift */; };
		E7C9D4671E3936100025823C /* BaseViewController.swift in Sources */ = {isa = PBXBuildFile; fileRef = E7C9D4661E3936100025823C /* BaseViewController.swift */; };
		E7E4514E1E368F0C00417A95 /* CoreDataStack.swift in Sources */ = {isa = PBXBuildFile; fileRef = E7E4514D1E368F0C00417A95 /* CoreDataStack.swift */; };
		E7E451521E36930000417A95 /* CacheRepositoryImplementation.swift in Sources */ = {isa = PBXBuildFile; fileRef = E7E451511E36930000417A95 /* CacheRepositoryImplementation.swift */; };
		E7E451551E36938800417A95 /* Alert.swift in Sources */ = {isa = PBXBuildFile; fileRef = E7E451541E36938800417A95 /* Alert.swift */; };
		E7E451571E3693AF00417A95 /* PersistentAlertMapper.swift in Sources */ = {isa = PBXBuildFile; fileRef = E7E451561E3693AF00417A95 /* PersistentAlertMapper.swift */; };
		E7F1F8F61E3DFDE000713759 /* AlertSideView.swift in Sources */ = {isa = PBXBuildFile; fileRef = E7F1F8F51E3DFDE000713759 /* AlertSideView.swift */; };
		E7F1F8F81E3E004E00713759 /* FacetView.swift in Sources */ = {isa = PBXBuildFile; fileRef = E7F1F8F71E3E004E00713759 /* FacetView.swift */; };
		E7F1F8FA1E3E012700713759 /* AlertFaceView.xib in Resources */ = {isa = PBXBuildFile; fileRef = E7F1F8F91E3E012700713759 /* AlertFaceView.xib */; };
		E7F1F8FE1E3E050700713759 /* AlertActionView.swift in Sources */ = {isa = PBXBuildFile; fileRef = E7F1F8FD1E3E050700713759 /* AlertActionView.swift */; };
		E7F1F9001E3E052400713759 /* UIView + Constraints.swift in Sources */ = {isa = PBXBuildFile; fileRef = E7F1F8FF1E3E052400713759 /* UIView + Constraints.swift */; };
		E7F1F9021E3E088400713759 /* UIStackView.swift in Sources */ = {isa = PBXBuildFile; fileRef = E7F1F9011E3E088400713759 /* UIStackView.swift */; };
		E7F1F9061E3E0E5700713759 /* String + Localizable.swift in Sources */ = {isa = PBXBuildFile; fileRef = E7F1F9051E3E0E5700713759 /* String + Localizable.swift */; };
		E7F1F9091E3E48FA00713759 /* AlertFaceView.swift in Sources */ = {isa = PBXBuildFile; fileRef = E7F1F8F31E3DFDD600713759 /* AlertFaceView.swift */; };
		E7F5DA5F1E3521110058943E /* AppDelegate.swift in Sources */ = {isa = PBXBuildFile; fileRef = E7F5DA5E1E3521110058943E /* AppDelegate.swift */; };
		E7F5DA641E3521110058943E /* Main.storyboard in Resources */ = {isa = PBXBuildFile; fileRef = E7F5DA621E3521110058943E /* Main.storyboard */; };
		E7F5DA661E3521110058943E /* Assets.xcassets in Resources */ = {isa = PBXBuildFile; fileRef = E7F5DA651E3521110058943E /* Assets.xcassets */; };
		E7F5DA691E3521110058943E /* LaunchScreen.storyboard in Resources */ = {isa = PBXBuildFile; fileRef = E7F5DA671E3521110058943E /* LaunchScreen.storyboard */; };
		E7F5DA781E3525AC0058943E /* CacheRepository.swift in Sources */ = {isa = PBXBuildFile; fileRef = E7F5DA771E3525AC0058943E /* CacheRepository.swift */; };
		E7F5DA7B1E3528450058943E /* Model.xcdatamodeld in Sources */ = {isa = PBXBuildFile; fileRef = E7F5DA791E3528450058943E /* Model.xcdatamodeld */; };
		E7F5DA7D1E352C8B0058943E /* AlertListViewController.swift in Sources */ = {isa = PBXBuildFile; fileRef = E7F5DA7C1E352C8B0058943E /* AlertListViewController.swift */; };
		EC9CC4103248AD0E3C1A9949 /* Pods_Alert.framework in Frameworks */ = {isa = PBXBuildFile; fileRef = 9A749492F218098CAB844A21 /* Pods_Alert.framework */; };
/* End PBXBuildFile section */

/* Begin PBXFileReference section */
		8F2D9B08AC40CD066C64E08B /* Pods-Alert.debug.xcconfig */ = {isa = PBXFileReference; includeInIndex = 1; lastKnownFileType = text.xcconfig; name = "Pods-Alert.debug.xcconfig"; path = "Pods/Target Support Files/Pods-Alert/Pods-Alert.debug.xcconfig"; sourceTree = "<group>"; };
		9A749492F218098CAB844A21 /* Pods_Alert.framework */ = {isa = PBXFileReference; explicitFileType = wrapper.framework; includeInIndex = 0; path = Pods_Alert.framework; sourceTree = BUILT_PRODUCTS_DIR; };
		D61C91CB1C398ED4BC96DA93 /* Pods-Alert.release.xcconfig */ = {isa = PBXFileReference; includeInIndex = 1; lastKnownFileType = text.xcconfig; name = "Pods-Alert.release.xcconfig"; path = "Pods/Target Support Files/Pods-Alert/Pods-Alert.release.xcconfig"; sourceTree = "<group>"; };
		E70399721E3CA1B60089AF2C /* GoogleService-Info.plist */ = {isa = PBXFileReference; fileEncoding = 4; lastKnownFileType = text.plist.xml; path = "GoogleService-Info.plist"; sourceTree = "<group>"; };
		E70399751E3CB4310089AF2C /* NSPredicate.swift */ = {isa = PBXFileReference; fileEncoding = 4; lastKnownFileType = sourcecode.swift; path = NSPredicate.swift; sourceTree = "<group>"; };
		E7064BDB1E3DF13100B6276F /* AlertViewModel.swift */ = {isa = PBXFileReference; fileEncoding = 4; lastKnownFileType = sourcecode.swift; path = AlertViewModel.swift; sourceTree = "<group>"; };
		E7064BDD1E3DF1B800B6276F /* AlertViewModelMapper.swift */ = {isa = PBXFileReference; fileEncoding = 4; lastKnownFileType = sourcecode.swift; path = AlertViewModelMapper.swift; sourceTree = "<group>"; };
		E7064BDF1E3DF23600B6276F /* AlertTableViewCell.swift */ = {isa = PBXFileReference; fileEncoding = 4; lastKnownFileType = sourcecode.swift; path = AlertTableViewCell.swift; sourceTree = "<group>"; };
		E7064BE11E3DF72500B6276F /* UIView + loading.swift */ = {isa = PBXFileReference; fileEncoding = 4; lastKnownFileType = sourcecode.swift; path = "UIView + loading.swift"; sourceTree = "<group>"; };
		E7064BE31E3DF84800B6276F /* CollectionView + RegistrableCell.swift */ = {isa = PBXFileReference; fileEncoding = 4; lastKnownFileType = sourcecode.swift; path = "CollectionView + RegistrableCell.swift"; sourceTree = "<group>"; };
		E7A654C41E37CD1C00E0AB4A /* DataEventType.swift */ = {isa = PBXFileReference; fileEncoding = 4; lastKnownFileType = sourcecode.swift; path = DataEventType.swift; sourceTree = "<group>"; };
		E7A654C61E37DA5500E0AB4A /* AlertRepository.swift */ = {isa = PBXFileReference; fileEncoding = 4; lastKnownFileType = sourcecode.swift; path = AlertRepository.swift; sourceTree = "<group>"; };
		E7A654C81E37DAB700E0AB4A /* AlertRepositoryImplementation.swift */ = {isa = PBXFileReference; fileEncoding = 4; lastKnownFileType = sourcecode.swift; path = AlertRepositoryImplementation.swift; sourceTree = "<group>"; };
		E7A654CA1E37FD2800E0AB4A /* ObservableRepository.swift */ = {isa = PBXFileReference; fileEncoding = 4; lastKnownFileType = sourcecode.swift; path = ObservableRepository.swift; sourceTree = "<group>"; };
		E7C7DC4D1E42678900B7F170 /* ServerValue.swift */ = {isa = PBXFileReference; fileEncoding = 4; lastKnownFileType = sourcecode.swift; path = ServerValue.swift; sourceTree = "<group>"; };
		E7C9D4501E392A200025823C /* DataEventType + Firebase.swift */ = {isa = PBXFileReference; fileEncoding = 4; lastKnownFileType = sourcecode.swift; path = "DataEventType + Firebase.swift"; sourceTree = "<group>"; };
		E7C9D4551E392BA70025823C /* AlertMapper.swift */ = {isa = PBXFileReference; fileEncoding = 4; lastKnownFileType = sourcecode.swift; path = AlertMapper.swift; sourceTree = "<group>"; };
		E7C9D4581E392E040025823C /* Snapshot.swift */ = {isa = PBXFileReference; fileEncoding = 4; lastKnownFileType = sourcecode.swift; path = Snapshot.swift; sourceTree = "<group>"; };
		E7C9D45A1E392E4A0025823C /* Snapshot + Firebase.swift */ = {isa = PBXFileReference; fileEncoding = 4; lastKnownFileType = sourcecode.swift; path = "Snapshot + Firebase.swift"; sourceTree = "<group>"; };
		E7C9D45D1E392F300025823C /* MutableSnapshot.swift */ = {isa = PBXFileReference; fileEncoding = 4; lastKnownFileType = sourcecode.swift; path = MutableSnapshot.swift; sourceTree = "<group>"; };
		E7C9D45F1E3931AD0025823C /* AlertWorker.swift */ = {isa = PBXFileReference; fileEncoding = 4; lastKnownFileType = sourcecode.swift; path = AlertWorker.swift; sourceTree = "<group>"; };
		E7C9D4611E39325F0025823C /* AlertWorkerImplementation.swift */ = {isa = PBXFileReference; fileEncoding = 4; lastKnownFileType = sourcecode.swift; path = AlertWorkerImplementation.swift; sourceTree = "<group>"; };
		E7C9D4631E3934F90025823C /* WorkerFactory.swift */ = {isa = PBXFileReference; fileEncoding = 4; lastKnownFileType = sourcecode.swift; path = WorkerFactory.swift; sourceTree = "<group>"; };
		E7C9D4661E3936100025823C /* BaseViewController.swift */ = {isa = PBXFileReference; fileEncoding = 4; lastKnownFileType = sourcecode.swift; path = BaseViewController.swift; sourceTree = "<group>"; };
		E7E4514D1E368F0C00417A95 /* CoreDataStack.swift */ = {isa = PBXFileReference; fileEncoding = 4; lastKnownFileType = sourcecode.swift; path = CoreDataStack.swift; sourceTree = "<group>"; };
		E7E451511E36930000417A95 /* CacheRepositoryImplementation.swift */ = {isa = PBXFileReference; fileEncoding = 4; lastKnownFileType = sourcecode.swift; path = CacheRepositoryImplementation.swift; sourceTree = "<group>"; };
		E7E451541E36938800417A95 /* Alert.swift */ = {isa = PBXFileReference; fileEncoding = 4; lastKnownFileType = sourcecode.swift; path = Alert.swift; sourceTree = "<group>"; };
		E7E451561E3693AF00417A95 /* PersistentAlertMapper.swift */ = {isa = PBXFileReference; fileEncoding = 4; lastKnownFileType = sourcecode.swift; path = PersistentAlertMapper.swift; sourceTree = "<group>"; };
		E7F1F8F31E3DFDD600713759 /* AlertFaceView.swift */ = {isa = PBXFileReference; fileEncoding = 4; lastKnownFileType = sourcecode.swift; path = AlertFaceView.swift; sourceTree = "<group>"; };
		E7F1F8F51E3DFDE000713759 /* AlertSideView.swift */ = {isa = PBXFileReference; fileEncoding = 4; lastKnownFileType = sourcecode.swift; path = AlertSideView.swift; sourceTree = "<group>"; };
		E7F1F8F71E3E004E00713759 /* FacetView.swift */ = {isa = PBXFileReference; fileEncoding = 4; lastKnownFileType = sourcecode.swift; path = FacetView.swift; sourceTree = "<group>"; };
		E7F1F8F91E3E012700713759 /* AlertFaceView.xib */ = {isa = PBXFileReference; fileEncoding = 4; lastKnownFileType = file.xib; path = AlertFaceView.xib; sourceTree = "<group>"; };
		E7F1F8FD1E3E050700713759 /* AlertActionView.swift */ = {isa = PBXFileReference; fileEncoding = 4; lastKnownFileType = sourcecode.swift; path = AlertActionView.swift; sourceTree = "<group>"; };
		E7F1F8FF1E3E052400713759 /* UIView + Constraints.swift */ = {isa = PBXFileReference; fileEncoding = 4; lastKnownFileType = sourcecode.swift; path = "UIView + Constraints.swift"; sourceTree = "<group>"; };
		E7F1F9011E3E088400713759 /* UIStackView.swift */ = {isa = PBXFileReference; fileEncoding = 4; lastKnownFileType = sourcecode.swift; path = UIStackView.swift; sourceTree = "<group>"; };
		E7F1F9051E3E0E5700713759 /* String + Localizable.swift */ = {isa = PBXFileReference; fileEncoding = 4; lastKnownFileType = sourcecode.swift; path = "String + Localizable.swift"; sourceTree = "<group>"; };
		E7F5DA5B1E3521110058943E /* Alert.app */ = {isa = PBXFileReference; explicitFileType = wrapper.application; includeInIndex = 0; path = Alert.app; sourceTree = BUILT_PRODUCTS_DIR; };
		E7F5DA5E1E3521110058943E /* AppDelegate.swift */ = {isa = PBXFileReference; lastKnownFileType = sourcecode.swift; path = AppDelegate.swift; sourceTree = "<group>"; };
		E7F5DA631E3521110058943E /* Base */ = {isa = PBXFileReference; lastKnownFileType = file.storyboard; name = Base; path = Base.lproj/Main.storyboard; sourceTree = "<group>"; };
		E7F5DA651E3521110058943E /* Assets.xcassets */ = {isa = PBXFileReference; lastKnownFileType = folder.assetcatalog; path = Assets.xcassets; sourceTree = "<group>"; };
		E7F5DA681E3521110058943E /* Base */ = {isa = PBXFileReference; lastKnownFileType = file.storyboard; name = Base; path = Base.lproj/LaunchScreen.storyboard; sourceTree = "<group>"; };
		E7F5DA6A1E3521110058943E /* Info.plist */ = {isa = PBXFileReference; lastKnownFileType = text.plist.xml; path = Info.plist; sourceTree = "<group>"; };
		E7F5DA771E3525AC0058943E /* CacheRepository.swift */ = {isa = PBXFileReference; fileEncoding = 4; lastKnownFileType = sourcecode.swift; path = CacheRepository.swift; sourceTree = "<group>"; };
		E7F5DA7A1E3528450058943E /* Model.xcdatamodel */ = {isa = PBXFileReference; lastKnownFileType = wrapper.xcdatamodel; path = Model.xcdatamodel; sourceTree = "<group>"; };
		E7F5DA7C1E352C8B0058943E /* AlertListViewController.swift */ = {isa = PBXFileReference; fileEncoding = 4; lastKnownFileType = sourcecode.swift; path = AlertListViewController.swift; sourceTree = "<group>"; };
/* End PBXFileReference section */

/* Begin PBXFrameworksBuildPhase section */
		E7F5DA581E3521110058943E /* Frameworks */ = {
			isa = PBXFrameworksBuildPhase;
			buildActionMask = 2147483647;
			files = (
				EC9CC4103248AD0E3C1A9949 /* Pods_Alert.framework in Frameworks */,
			);
			runOnlyForDeploymentPostprocessing = 0;
		};
/* End PBXFrameworksBuildPhase section */

/* Begin PBXGroup section */
		3D621A9ED70D1E387D201515 /* Frameworks */ = {
			isa = PBXGroup;
			children = (
				9A749492F218098CAB844A21 /* Pods_Alert.framework */,
			);
			name = Frameworks;
			sourceTree = "<group>";
		};
		55D5DAF08374C66F9956907B /* Pods */ = {
			isa = PBXGroup;
			children = (
				8F2D9B08AC40CD066C64E08B /* Pods-Alert.debug.xcconfig */,
				D61C91CB1C398ED4BC96DA93 /* Pods-Alert.release.xcconfig */,
			);
			name = Pods;
			sourceTree = "<group>";
		};
		E70399741E3CAAFB0089AF2C /* Alert */ = {
			isa = PBXGroup;
			children = (
				E7C9D45F1E3931AD0025823C /* AlertWorker.swift */,
				E7C9D4611E39325F0025823C /* AlertWorkerImplementation.swift */,
			);
			name = Alert;
			sourceTree = "<group>";
		};
		E7064BDA1E3DF10200B6276F /* ViewModel */ = {
			isa = PBXGroup;
			children = (
				E7064BDB1E3DF13100B6276F /* AlertViewModel.swift */,
				E7064BDD1E3DF1B800B6276F /* AlertViewModelMapper.swift */,
			);
			name = ViewModel;
			sourceTree = "<group>";
		};
		E7C9D44F1E3929E70025823C /* Alert */ = {
			isa = PBXGroup;
			children = (
				E7A654C61E37DA5500E0AB4A /* AlertRepository.swift */,
				E7A654C81E37DAB700E0AB4A /* AlertRepositoryImplementation.swift */,
			);
			name = Alert;
			sourceTree = "<group>";
		};
		E7C9D4531E392B770025823C /* Cache */ = {
			isa = PBXGroup;
			children = (
				E7F5DA771E3525AC0058943E /* CacheRepository.swift */,
				E7E451511E36930000417A95 /* CacheRepositoryImplementation.swift */,
			);
			name = Cache;
			sourceTree = "<group>";
		};
		E7C9D4541E392B820025823C /* Mapper */ = {
			isa = PBXGroup;
			children = (
				E7C9D4551E392BA70025823C /* AlertMapper.swift */,
				E7E451561E3693AF00417A95 /* PersistentAlertMapper.swift */,
			);
			name = Mapper;
			sourceTree = "<group>";
		};
		E7C9D4571E392DC50025823C /* Snapshot */ = {
			isa = PBXGroup;
			children = (
				E7C9D4581E392E040025823C /* Snapshot.swift */,
				E7C9D45D1E392F300025823C /* MutableSnapshot.swift */,
			);
			name = Snapshot;
			sourceTree = "<group>";
		};
		E7C9D45C1E392EFD0025823C /* Firebase */ = {
			isa = PBXGroup;
			children = (
				E7C9D4501E392A200025823C /* DataEventType + Firebase.swift */,
				E7C9D45A1E392E4A0025823C /* Snapshot + Firebase.swift */,
			);
			name = Firebase;
			sourceTree = "<group>";
		};
		E7C9D4651E3936050025823C /* Base */ = {
			isa = PBXGroup;
			children = (
				E7C9D4661E3936100025823C /* BaseViewController.swift */,
			);
			name = Base;
			sourceTree = "<group>";
		};
		E7E4514F1E3692C200417A95 /* Persistency */ = {
			isa = PBXGroup;
			children = (
				E7E4514D1E368F0C00417A95 /* CoreDataStack.swift */,
			);
			name = Persistency;
			sourceTree = "<group>";
		};
		E7E451501E3692DD00417A95 /* Repository */ = {
			isa = PBXGroup;
			children = (
				E7A654CA1E37FD2800E0AB4A /* ObservableRepository.swift */,
				E7C9D44F1E3929E70025823C /* Alert */,
				E7C9D4531E392B770025823C /* Cache */,
			);
			name = Repository;
			sourceTree = "<group>";
		};
		E7E451531E36937D00417A95 /* Record */ = {
			isa = PBXGroup;
			children = (
				E7E451541E36938800417A95 /* Alert.swift */,
			);
			name = Record;
			sourceTree = "<group>";
		};
		E7F5DA521E3521110058943E = {
			isa = PBXGroup;
			children = (
				E70399721E3CA1B60089AF2C /* GoogleService-Info.plist */,
				E7F5DA5D1E3521110058943E /* Alert */,
				E7F5DA5C1E3521110058943E /* Products */,
				55D5DAF08374C66F9956907B /* Pods */,
				3D621A9ED70D1E387D201515 /* Frameworks */,
			);
			sourceTree = "<group>";
		};
		E7F5DA5C1E3521110058943E /* Products */ = {
			isa = PBXGroup;
			children = (
				E7F5DA5B1E3521110058943E /* Alert.app */,
			);
			name = Products;
			sourceTree = "<group>";
		};
		E7F5DA5D1E3521110058943E /* Alert */ = {
			isa = PBXGroup;
			children = (
				E7F5DA5E1E3521110058943E /* AppDelegate.swift */,
				E7F5DA761E3521DB0058943E /* Extension */,
				E7F5DA701E35211B0058943E /* Controller */,
				E7E451501E3692DD00417A95 /* Repository */,
				E7F5DA721E35212B0058943E /* View */,
				E7F5DA731E35215A0058943E /* Worker */,
				E7F5DA711E3521240058943E /* Model */,
				E7064BDA1E3DF10200B6276F /* ViewModel */,
				E7F5DA741E35217B0058943E /* Resources */,
				E7F5DA751E3521870058943E /* Configuration */,
			);
			path = Alert;
			sourceTree = "<group>";
		};
		E7F5DA701E35211B0058943E /* Controller */ = {
			isa = PBXGroup;
			children = (
				E7C9D4651E3936050025823C /* Base */,
				E7F5DA7C1E352C8B0058943E /* AlertListViewController.swift */,
			);
			name = Controller;
			sourceTree = "<group>";
		};
		E7F5DA711E3521240058943E /* Model */ = {
			isa = PBXGroup;
			children = (
				E7A654C41E37CD1C00E0AB4A /* DataEventType.swift */,
				E7C7DC4D1E42678900B7F170 /* ServerValue.swift */,
				E7C9D4541E392B820025823C /* Mapper */,
				E7C9D4571E392DC50025823C /* Snapshot */,
				E7E451531E36937D00417A95 /* Record */,
				E7E4514F1E3692C200417A95 /* Persistency */,
			);
			name = Model;
			sourceTree = "<group>";
		};
		E7F5DA721E35212B0058943E /* View */ = {
			isa = PBXGroup;
			children = (
				E7F1F8F71E3E004E00713759 /* FacetView.swift */,
				E7064BDF1E3DF23600B6276F /* AlertTableViewCell.swift */,
				E7F1F8F31E3DFDD600713759 /* AlertFaceView.swift */,
				E7F1F8F51E3DFDE000713759 /* AlertSideView.swift */,
				E7F1F8FD1E3E050700713759 /* AlertActionView.swift */,
			);
			name = View;
			sourceTree = "<group>";
		};
		E7F5DA731E35215A0058943E /* Worker */ = {
			isa = PBXGroup;
			children = (
				E7C9D4631E3934F90025823C /* WorkerFactory.swift */,
				E70399741E3CAAFB0089AF2C /* Alert */,
			);
			name = Worker;
			sourceTree = "<group>";
		};
		E7F5DA741E35217B0058943E /* Resources */ = {
			isa = PBXGroup;
			children = (
				E7F1F8F91E3E012700713759 /* AlertFaceView.xib */,
				E7F5DA671E3521110058943E /* LaunchScreen.storyboard */,
				E7F5DA621E3521110058943E /* Main.storyboard */,
				E7F5DA651E3521110058943E /* Assets.xcassets */,
				E7F5DA791E3528450058943E /* Model.xcdatamodeld */,
			);
			name = Resources;
			sourceTree = "<group>";
		};
		E7F5DA751E3521870058943E /* Configuration */ = {
			isa = PBXGroup;
			children = (
				E7F5DA6A1E3521110058943E /* Info.plist */,
			);
			name = Configuration;
			sourceTree = "<group>";
		};
		E7F5DA761E3521DB0058943E /* Extension */ = {
			isa = PBXGroup;
			children = (
				E7C9D45C1E392EFD0025823C /* Firebase */,
				E70399751E3CB4310089AF2C /* NSPredicate.swift */,
				E7064BE11E3DF72500B6276F /* UIView + loading.swift */,
				E7064BE31E3DF84800B6276F /* CollectionView + RegistrableCell.swift */,
				E7F1F8FF1E3E052400713759 /* UIView + Constraints.swift */,
				E7F1F9011E3E088400713759 /* UIStackView.swift */,
				E7F1F9051E3E0E5700713759 /* String + Localizable.swift */,
			);
			name = Extension;
			sourceTree = "<group>";
		};
/* End PBXGroup section */

/* Begin PBXNativeTarget section */
		E7F5DA5A1E3521110058943E /* Alert */ = {
			isa = PBXNativeTarget;
			buildConfigurationList = E7F5DA6D1E3521110058943E /* Build configuration list for PBXNativeTarget "Alert" */;
			buildPhases = (
				7C94DEB0BB5E9190BD9D6489 /* [CP] Check Pods Manifest.lock */,
				E7F5DA571E3521110058943E /* Sources */,
				E7F5DA581E3521110058943E /* Frameworks */,
				E7F5DA591E3521110058943E /* Resources */,
				FE8CE316665DE6022D85ABCD /* [CP] Embed Pods Frameworks */,
				5A4959865C921386404FE7DC /* [CP] Copy Pods Resources */,
			);
			buildRules = (
			);
			dependencies = (
			);
			name = Alert;
			productName = Alert;
			productReference = E7F5DA5B1E3521110058943E /* Alert.app */;
			productType = "com.apple.product-type.application";
		};
/* End PBXNativeTarget section */

/* Begin PBXProject section */
		E7F5DA531E3521110058943E /* Project object */ = {
			isa = PBXProject;
			attributes = {
				LastSwiftUpdateCheck = 0820;
				LastUpgradeCheck = 0820;
				ORGANIZATIONNAME = "Gaétan Zanella";
				TargetAttributes = {
					E7F5DA5A1E3521110058943E = {
						CreatedOnToolsVersion = 8.2.1;
						DevelopmentTeam = C7G63Q6LZ9;
						ProvisioningStyle = Automatic;
					};
				};
			};
			buildConfigurationList = E7F5DA561E3521110058943E /* Build configuration list for PBXProject "Alert" */;
			compatibilityVersion = "Xcode 3.2";
			developmentRegion = English;
			hasScannedForEncodings = 0;
			knownRegions = (
				en,
				Base,
			);
			mainGroup = E7F5DA521E3521110058943E;
			productRefGroup = E7F5DA5C1E3521110058943E /* Products */;
			projectDirPath = "";
			projectRoot = "";
			targets = (
				E7F5DA5A1E3521110058943E /* Alert */,
			);
		};
/* End PBXProject section */

/* Begin PBXResourcesBuildPhase section */
		E7F5DA591E3521110058943E /* Resources */ = {
			isa = PBXResourcesBuildPhase;
			buildActionMask = 2147483647;
			files = (
				E7F5DA691E3521110058943E /* LaunchScreen.storyboard in Resources */,
				E7F1F8FA1E3E012700713759 /* AlertFaceView.xib in Resources */,
				E70399731E3CA1B60089AF2C /* GoogleService-Info.plist in Resources */,
				E7F5DA661E3521110058943E /* Assets.xcassets in Resources */,
				E7F5DA641E3521110058943E /* Main.storyboard in Resources */,
			);
			runOnlyForDeploymentPostprocessing = 0;
		};
/* End PBXResourcesBuildPhase section */

/* Begin PBXShellScriptBuildPhase section */
		5A4959865C921386404FE7DC /* [CP] Copy Pods Resources */ = {
			isa = PBXShellScriptBuildPhase;
			buildActionMask = 2147483647;
			files = (
			);
			inputPaths = (
			);
			name = "[CP] Copy Pods Resources";
			outputPaths = (
			);
			runOnlyForDeploymentPostprocessing = 0;
			shellPath = /bin/sh;
			shellScript = "\"${SRCROOT}/Pods/Target Support Files/Pods-Alert/Pods-Alert-resources.sh\"\n";
			showEnvVarsInLog = 0;
		};
		7C94DEB0BB5E9190BD9D6489 /* [CP] Check Pods Manifest.lock */ = {
			isa = PBXShellScriptBuildPhase;
			buildActionMask = 2147483647;
			files = (
			);
			inputPaths = (
			);
			name = "[CP] Check Pods Manifest.lock";
			outputPaths = (
			);
			runOnlyForDeploymentPostprocessing = 0;
			shellPath = /bin/sh;
			shellScript = "diff \"${PODS_ROOT}/../Podfile.lock\" \"${PODS_ROOT}/Manifest.lock\" > /dev/null\nif [ $? != 0 ] ; then\n    # print error to STDERR\n    echo \"error: The sandbox is not in sync with the Podfile.lock. Run 'pod install' or update your CocoaPods installation.\" >&2\n    exit 1\nfi\n";
			showEnvVarsInLog = 0;
		};
		FE8CE316665DE6022D85ABCD /* [CP] Embed Pods Frameworks */ = {
			isa = PBXShellScriptBuildPhase;
			buildActionMask = 2147483647;
			files = (
			);
			inputPaths = (
			);
			name = "[CP] Embed Pods Frameworks";
			outputPaths = (
			);
			runOnlyForDeploymentPostprocessing = 0;
			shellPath = /bin/sh;
			shellScript = "\"${SRCROOT}/Pods/Target Support Files/Pods-Alert/Pods-Alert-frameworks.sh\"\n";
			showEnvVarsInLog = 0;
		};
/* End PBXShellScriptBuildPhase section */

/* Begin PBXSourcesBuildPhase section */
		E7F5DA571E3521110058943E /* Sources */ = {
			isa = PBXSourcesBuildPhase;
			buildActionMask = 2147483647;
			files = (
				E7F1F9091E3E48FA00713759 /* AlertFaceView.swift in Sources */,
				E7064BE01E3DF23600B6276F /* AlertTableViewCell.swift in Sources */,
				E7F1F8F61E3DFDE000713759 /* AlertSideView.swift in Sources */,
				E7F1F9021E3E088400713759 /* UIStackView.swift in Sources */,
				E7A654C71E37DA5500E0AB4A /* AlertRepository.swift in Sources */,
				E7C9D4511E392A200025823C /* DataEventType + Firebase.swift in Sources */,
				E7C9D4641E3934F90025823C /* WorkerFactory.swift in Sources */,
				E7C9D4671E3936100025823C /* BaseViewController.swift in Sources */,
				E7C9D45E1E392F300025823C /* MutableSnapshot.swift in Sources */,
				E7F1F8F81E3E004E00713759 /* FacetView.swift in Sources */,
				E7F1F9001E3E052400713759 /* UIView + Constraints.swift in Sources */,
				E7E451521E36930000417A95 /* CacheRepositoryImplementation.swift in Sources */,
				E7A654C91E37DAB700E0AB4A /* AlertRepositoryImplementation.swift in Sources */,
				E7064BDC1E3DF13100B6276F /* AlertViewModel.swift in Sources */,
				E7E4514E1E368F0C00417A95 /* CoreDataStack.swift in Sources */,
				E7F5DA781E3525AC0058943E /* CacheRepository.swift in Sources */,
				E7F5DA5F1E3521110058943E /* AppDelegate.swift in Sources */,
				E7C9D4591E392E040025823C /* Snapshot.swift in Sources */,
				E7C7DC4E1E42678900B7F170 /* ServerValue.swift in Sources */,
				E7E451571E3693AF00417A95 /* PersistentAlertMapper.swift in Sources */,
				E7C9D4561E392BA70025823C /* AlertMapper.swift in Sources */,
				E7F1F9061E3E0E5700713759 /* String + Localizable.swift in Sources */,
				E7F5DA7D1E352C8B0058943E /* AlertListViewController.swift in Sources */,
				E7C9D4621E39325F0025823C /* AlertWorkerImplementation.swift in Sources */,
				E70399761E3CB4310089AF2C /* NSPredicate.swift in Sources */,
				E7C9D4601E3931AD0025823C /* AlertWorker.swift in Sources */,
				E7F1F8FE1E3E050700713759 /* AlertActionView.swift in Sources */,
				E7C9D45B1E392E4A0025823C /* Snapshot + Firebase.swift in Sources */,
				E7A654C51E37CD1C00E0AB4A /* DataEventType.swift in Sources */,
				E7064BE21E3DF72500B6276F /* UIView + loading.swift in Sources */,
				E7064BDE1E3DF1B800B6276F /* AlertViewModelMapper.swift in Sources */,
				E7F5DA7B1E3528450058943E /* Model.xcdatamodeld in Sources */,
				E7A654CB1E37FD2800E0AB4A /* ObservableRepository.swift in Sources */,
				E7064BE41E3DF84800B6276F /* CollectionView + RegistrableCell.swift in Sources */,
				E7E451551E36938800417A95 /* Alert.swift in Sources */,
			);
			runOnlyForDeploymentPostprocessing = 0;
		};
/* End PBXSourcesBuildPhase section */

/* Begin PBXVariantGroup section */
		E7F5DA621E3521110058943E /* Main.storyboard */ = {
			isa = PBXVariantGroup;
			children = (
				E7F5DA631E3521110058943E /* Base */,
			);
			name = Main.storyboard;
			sourceTree = "<group>";
		};
		E7F5DA671E3521110058943E /* LaunchScreen.storyboard */ = {
			isa = PBXVariantGroup;
			children = (
				E7F5DA681E3521110058943E /* Base */,
			);
			name = LaunchScreen.storyboard;
			sourceTree = "<group>";
		};
/* End PBXVariantGroup section */

/* Begin XCBuildConfiguration section */
		E7F5DA6B1E3521110058943E /* Debug */ = {
			isa = XCBuildConfiguration;
			buildSettings = {
				ALWAYS_SEARCH_USER_PATHS = NO;
				CLANG_ANALYZER_NONNULL = YES;
				CLANG_CXX_LANGUAGE_STANDARD = "gnu++0x";
				CLANG_CXX_LIBRARY = "libc++";
				CLANG_ENABLE_MODULES = YES;
				CLANG_ENABLE_OBJC_ARC = YES;
				CLANG_WARN_BOOL_CONVERSION = YES;
				CLANG_WARN_CONSTANT_CONVERSION = YES;
				CLANG_WARN_DIRECT_OBJC_ISA_USAGE = YES_ERROR;
				CLANG_WARN_DOCUMENTATION_COMMENTS = YES;
				CLANG_WARN_EMPTY_BODY = YES;
				CLANG_WARN_ENUM_CONVERSION = YES;
				CLANG_WARN_INFINITE_RECURSION = YES;
				CLANG_WARN_INT_CONVERSION = YES;
				CLANG_WARN_OBJC_ROOT_CLASS = YES_ERROR;
				CLANG_WARN_SUSPICIOUS_MOVE = YES;
				CLANG_WARN_UNREACHABLE_CODE = YES;
				CLANG_WARN__DUPLICATE_METHOD_MATCH = YES;
				"CODE_SIGN_IDENTITY[sdk=iphoneos*]" = "iPhone Developer";
				COPY_PHASE_STRIP = NO;
				DEBUG_INFORMATION_FORMAT = dwarf;
				ENABLE_STRICT_OBJC_MSGSEND = YES;
				ENABLE_TESTABILITY = YES;
				GCC_C_LANGUAGE_STANDARD = gnu99;
				GCC_DYNAMIC_NO_PIC = NO;
				GCC_NO_COMMON_BLOCKS = YES;
				GCC_OPTIMIZATION_LEVEL = 0;
				GCC_PREPROCESSOR_DEFINITIONS = (
					"DEBUG=1",
					"$(inherited)",
				);
				GCC_WARN_64_TO_32_BIT_CONVERSION = YES;
				GCC_WARN_ABOUT_RETURN_TYPE = YES_ERROR;
				GCC_WARN_UNDECLARED_SELECTOR = YES;
				GCC_WARN_UNINITIALIZED_AUTOS = YES_AGGRESSIVE;
				GCC_WARN_UNUSED_FUNCTION = YES;
				GCC_WARN_UNUSED_VARIABLE = YES;
				IPHONEOS_DEPLOYMENT_TARGET = 10.2;
				MTL_ENABLE_DEBUG_INFO = YES;
				ONLY_ACTIVE_ARCH = YES;
				SDKROOT = iphoneos;
				SWIFT_ACTIVE_COMPILATION_CONDITIONS = DEBUG;
				SWIFT_OPTIMIZATION_LEVEL = "-Onone";
			};
			name = Debug;
		};
		E7F5DA6C1E3521110058943E /* Release */ = {
			isa = XCBuildConfiguration;
			buildSettings = {
				ALWAYS_SEARCH_USER_PATHS = NO;
				CLANG_ANALYZER_NONNULL = YES;
				CLANG_CXX_LANGUAGE_STANDARD = "gnu++0x";
				CLANG_CXX_LIBRARY = "libc++";
				CLANG_ENABLE_MODULES = YES;
				CLANG_ENABLE_OBJC_ARC = YES;
				CLANG_WARN_BOOL_CONVERSION = YES;
				CLANG_WARN_CONSTANT_CONVERSION = YES;
				CLANG_WARN_DIRECT_OBJC_ISA_USAGE = YES_ERROR;
				CLANG_WARN_DOCUMENTATION_COMMENTS = YES;
				CLANG_WARN_EMPTY_BODY = YES;
				CLANG_WARN_ENUM_CONVERSION = YES;
				CLANG_WARN_INFINITE_RECURSION = YES;
				CLANG_WARN_INT_CONVERSION = YES;
				CLANG_WARN_OBJC_ROOT_CLASS = YES_ERROR;
				CLANG_WARN_SUSPICIOUS_MOVE = YES;
				CLANG_WARN_UNREACHABLE_CODE = YES;
				CLANG_WARN__DUPLICATE_METHOD_MATCH = YES;
				"CODE_SIGN_IDENTITY[sdk=iphoneos*]" = "iPhone Developer";
				COPY_PHASE_STRIP = NO;
				DEBUG_INFORMATION_FORMAT = "dwarf-with-dsym";
				ENABLE_NS_ASSERTIONS = NO;
				ENABLE_STRICT_OBJC_MSGSEND = YES;
				GCC_C_LANGUAGE_STANDARD = gnu99;
				GCC_NO_COMMON_BLOCKS = YES;
				GCC_WARN_64_TO_32_BIT_CONVERSION = YES;
				GCC_WARN_ABOUT_RETURN_TYPE = YES_ERROR;
				GCC_WARN_UNDECLARED_SELECTOR = YES;
				GCC_WARN_UNINITIALIZED_AUTOS = YES_AGGRESSIVE;
				GCC_WARN_UNUSED_FUNCTION = YES;
				GCC_WARN_UNUSED_VARIABLE = YES;
				IPHONEOS_DEPLOYMENT_TARGET = 10.2;
				MTL_ENABLE_DEBUG_INFO = NO;
				SDKROOT = iphoneos;
				SWIFT_OPTIMIZATION_LEVEL = "-Owholemodule";
				VALIDATE_PRODUCT = YES;
			};
			name = Release;
		};
		E7F5DA6E1E3521110058943E /* Debug */ = {
			isa = XCBuildConfiguration;
			baseConfigurationReference = 8F2D9B08AC40CD066C64E08B /* Pods-Alert.debug.xcconfig */;
			buildSettings = {
				ASSETCATALOG_COMPILER_APPICON_NAME = AppIcon;
				DEVELOPMENT_TEAM = C7G63Q6LZ9;
				INFOPLIST_FILE = Alert/Info.plist;
				LD_RUNPATH_SEARCH_PATHS = "$(inherited) @executable_path/Frameworks";
				PRODUCT_BUNDLE_IDENTIFIER = com.gzanella.Alert;
				PRODUCT_NAME = "$(TARGET_NAME)";
				SWIFT_VERSION = 3.0;
			};
			name = Debug;
		};
		E7F5DA6F1E3521110058943E /* Release */ = {
			isa = XCBuildConfiguration;
			baseConfigurationReference = D61C91CB1C398ED4BC96DA93 /* Pods-Alert.release.xcconfig */;
			buildSettings = {
				ASSETCATALOG_COMPILER_APPICON_NAME = AppIcon;
				DEVELOPMENT_TEAM = C7G63Q6LZ9;
				INFOPLIST_FILE = Alert/Info.plist;
				LD_RUNPATH_SEARCH_PATHS = "$(inherited) @executable_path/Frameworks";
				PRODUCT_BUNDLE_IDENTIFIER = com.gzanella.Alert;
				PRODUCT_NAME = "$(TARGET_NAME)";
				SWIFT_VERSION = 3.0;
			};
			name = Release;
		};
/* End XCBuildConfiguration section */

/* Begin XCConfigurationList section */
		E7F5DA561E3521110058943E /* Build configuration list for PBXProject "Alert" */ = {
			isa = XCConfigurationList;
			buildConfigurations = (
				E7F5DA6B1E3521110058943E /* Debug */,
				E7F5DA6C1E3521110058943E /* Release */,
			);
			defaultConfigurationIsVisible = 0;
			defaultConfigurationName = Release;
		};
		E7F5DA6D1E3521110058943E /* Build configuration list for PBXNativeTarget "Alert" */ = {
			isa = XCConfigurationList;
			buildConfigurations = (
				E7F5DA6E1E3521110058943E /* Debug */,
				E7F5DA6F1E3521110058943E /* Release */,
			);
			defaultConfigurationIsVisible = 0;
			defaultConfigurationName = Release;
		};
/* End XCConfigurationList section */

/* Begin XCVersionGroup section */
		E7F5DA791E3528450058943E /* Model.xcdatamodeld */ = {
			isa = XCVersionGroup;
			children = (
				E7F5DA7A1E3528450058943E /* Model.xcdatamodel */,
			);
			currentVersion = E7F5DA7A1E3528450058943E /* Model.xcdatamodel */;
			path = Model.xcdatamodeld;
			sourceTree = "<group>";
			versionGroupType = wrapper.xcdatamodel;
		};
/* End XCVersionGroup section */
	};
	rootObject = E7F5DA531E3521110058943E /* Project object */;
}
